
Microsoft Visual Studio Solution File, Format Version 12.00
# Visual Studio 15
VisualStudioVersion = 15.0.28307.489
MinimumVisualStudioVersion = 10.0.40219.1
Project("{FAE04EC0-301F-11D3-BF4B-00C04F79EFBC}") = "StudentManagemetSystem", "StudentManagemetSystem\StudentManagemetSystem.csproj", "{4C39AA1A-08FC-4A37-B17F-E8D9A2BB1DEE}"
EndProject
Project("{FAE04EC0-301F-11D3-BF4B-00C04F79EFBC}") = "SystemIO.Tests", "SystemIO.Tests\SystemIO.Tests.csproj", "{5FDFD429-15FF-43DD-B644-A1E9E9AF6177}"
EndProject
Global
	GlobalSection(SolutionConfigurationPlatforms) = preSolution
		Debug|Any CPU = Debug|Any CPU
		Release|Any CPU = Release|Any CPU
	EndGlobalSection
	GlobalSection(ProjectConfigurationPlatforms) = postSolution
		{4C39AA1A-08FC-4A37-B17F-E8D9A2BB1DEE}.Debug|Any CPU.ActiveCfg = Debug|Any CPU
		{4C39AA1A-08FC-4A37-B17F-E8D9A2BB1DEE}.Debug|Any CPU.Build.0 = Debug|Any CPU
		{4C39AA1A-08FC-4A37-B17F-E8D9A2BB1DEE}.Release|Any CPU.ActiveCfg = Release|Any CPU
		{4C39AA1A-08FC-4A37-B17F-E8D9A2BB1DEE}.Release|Any CPU.Build.0 = Release|Any CPU
		{5FDFD429-15FF-43DD-B644-A1E9E9AF6177}.Debug|Any CPU.ActiveCfg = Debug|Any CPU
		{5FDFD429-15FF-43DD-B644-A1E9E9AF6177}.Debug|Any CPU.Build.0 = Debug|Any CPU
		{5FDFD429-15FF-43DD-B644-A1E9E9AF6177}.Release|Any CPU.ActiveCfg = Release|Any CPU
		{5FDFD429-15FF-43DD-B644-A1E9E9AF6177}.Release|Any CPU.Build.0 = Release|Any CPU
	EndGlobalSection
	GlobalSection(SolutionProperties) = preSolution
		HideSolutionNode = FALSE
	EndGlobalSection
	GlobalSection(ExtensibilityGlobals) = postSolution
		SolutionGuid = {A22E7BFE-D800-431A-89D6-57974B8204C4}
	EndGlobalSection
EndGlobal
